
Microsoft Visual Studio Solution File, Format Version 12.00
# Visual Studio 2017
Project("{FAE04EC0-301F-11D3-BF4B-00C04F79EFBC}") = "GoldRush(new).Plugins", "GoldRush(new).Plugins.csproj", "{E11D3431-E5F7-114C-252C-DB193443031A}"
EndProject
Project("{FAE04EC0-301F-11D3-BF4B-00C04F79EFBC}") = "GoldRush(new)", "GoldRush(new).csproj", "{FD2DE585-EE46-03D4-D45D-CC77642D93D2}"
EndProject
Project("{FAE04EC0-301F-11D3-BF4B-00C04F79EFBC}") = "GoldRush(new).Editor.Plugins", "GoldRush(new).Editor.Plugins.csproj", "{65B00DAB-D195-BB0A-749C-2BC6C8A26711}"
EndProject
Global
	GlobalSection(SolutionConfigurationPlatforms) = preSolution
		Debug|Any CPU = Debug|Any CPU
		Release|Any CPU = Release|Any CPU
	EndGlobalSection
	GlobalSection(ProjectConfigurationPlatforms) = postSolution
		{E11D3431-E5F7-114C-252C-DB193443031A}.Debug|Any CPU.ActiveCfg = Debug|Any CPU
		{E11D3431-E5F7-114C-252C-DB193443031A}.Debug|Any CPU.Build.0 = Debug|Any CPU
		{E11D3431-E5F7-114C-252C-DB193443031A}.Release|Any CPU.ActiveCfg = Release|Any CPU
		{E11D3431-E5F7-114C-252C-DB193443031A}.Release|Any CPU.Build.0 = Release|Any CPU
		{FD2DE585-EE46-03D4-D45D-CC77642D93D2}.Debug|Any CPU.ActiveCfg = Debug|Any CPU
		{FD2DE585-EE46-03D4-D45D-CC77642D93D2}.Debug|Any CPU.Build.0 = Debug|Any CPU
		{FD2DE585-EE46-03D4-D45D-CC77642D93D2}.Release|Any CPU.ActiveCfg = Release|Any CPU
		{FD2DE585-EE46-03D4-D45D-CC77642D93D2}.Release|Any CPU.Build.0 = Release|Any CPU
		{65B00DAB-D195-BB0A-749C-2BC6C8A26711}.Debug|Any CPU.ActiveCfg = Debug|Any CPU
		{65B00DAB-D195-BB0A-749C-2BC6C8A26711}.Debug|Any CPU.Build.0 = Debug|Any CPU
		{65B00DAB-D195-BB0A-749C-2BC6C8A26711}.Release|Any CPU.ActiveCfg = Release|Any CPU
		{65B00DAB-D195-BB0A-749C-2BC6C8A26711}.Release|Any CPU.Build.0 = Release|Any CPU
	EndGlobalSection
	GlobalSection(SolutionProperties) = preSolution
		HideSolutionNode = FALSE
	EndGlobalSection
EndGlobal
